
Microsoft Visual Studio Solution File, Format Version 12.00
# Visual Studio Version 17
VisualStudioVersion = 17.5.33502.453
MinimumVisualStudioVersion = 10.0.40219.1
Project("{FAE04EC0-301F-11D3-BF4B-00C04F79EFBC}") = "SimpleServer", "SimpleServer\SimpleServer.csproj", "{F7575987-0F14-4D64-AB8E-8BCF26B9D1C1}"
EndProject
Global
	GlobalSection(SolutionConfigurationPlatforms) = preSolution
		Debug|Any CPU = Debug|Any CPU
		Release|Any CPU = Release|Any CPU
	EndGlobalSection
	GlobalSection(ProjectConfigurationPlatforms) = postSolution
		{F7575987-0F14-4D64-AB8E-8BCF26B9D1C1}.Debug|Any CPU.ActiveCfg = Debug|Any CPU
		{F7575987-0F14-4D64-AB8E-8BCF26B9D1C1}.Debug|Any CPU.Build.0 = Debug|Any CPU
		{F7575987-0F14-4D64-AB8E-8BCF26B9D1C1}.Release|Any CPU.ActiveCfg = Release|Any CPU
		{F7575987-0F14-4D64-AB8E-8BCF26B9D1C1}.Release|Any CPU.Build.0 = Release|Any CPU
	EndGlobalSection
	GlobalSection(SolutionProperties) = preSolution
		HideSolutionNode = FALSE
	EndGlobalSection
	GlobalSection(ExtensibilityGlobals) = postSolution
		SolutionGuid = {4A85BCFE-7D53-47BC-9878-5AC8CECFB757}
	EndGlobalSection
EndGlobal
